{
  "name": "M295",
  "lockfileVersion": 3,
  "requires": true,
  "packages": {
    "": {
      "dependencies": {
        "b1": "^1.1.1"
      }
    },
    "node_modules/b1": {
      "version": "1.1.1",
      "resolved": "https://registry.npmjs.org/b1/-/b1-1.1.1.tgz",
      "integrity": "sha512-/v4cVRHJO634GjQVfP/YocmwyqyfQhTWZ583Ajuo69PygEgk6wbIyJeL7/cpHVde0kFXj6nk7VdZw+s0MEC/Hg=="
    }
  }
}
